
Microsoft Visual Studio Solution File, Format Version 12.00
# Visual Studio Version 16
VisualStudioVersion = 16.0.29209.62
MinimumVisualStudioVersion = 10.0.40219.1
Project("{FAE04EC0-301F-11D3-BF4B-00C04F79EFBC}") = "Ringer.Android", "Ringer.Android\Ringer.Android.csproj", "{DCB05695-32DD-4925-9D6A-23D875AF839F}"
EndProject
Project("{FAE04EC0-301F-11D3-BF4B-00C04F79EFBC}") = "Ringer.iOS", "Ringer.iOS\Ringer.iOS.csproj", "{D6CBD686-09D0-464B-A5C3-31AF49A39289}"
EndProject
Project("{9A19103F-16F7-4668-BE54-9A1E7A4F7556}") = "Ringer.Core", "Ringer.Core\Ringer.Core.csproj", "{3D9088D3-FEE0-4401-B39D-85934C33486C}"
EndProject
Project("{FAE04EC0-301F-11D3-BF4B-00C04F79EFBC}") = "Ringer.Console", "Ringer.Console\Ringer.Console.csproj", "{0268A4F9-FA1C-4E5E-82BE-8092B5E8F96B}"
EndProject
Project("{2150E333-8FDC-42A3-9474-1A3956D46DE8}") = "Mobile", "Mobile", "{C3302CE3-E6C5-4241-B230-ED7BDDAD34DD}"
EndProject
Project("{2150E333-8FDC-42A3-9474-1A3956D46DE8}") = "BackEnd", "BackEnd", "{8C5CADC1-D683-44AD-84B9-0AF4688B9554}"
EndProject
Project("{2150E333-8FDC-42A3-9474-1A3956D46DE8}") = "Console", "Console", "{E2A5218E-F8F2-444E-9E86-CBFD4C39E5D2}"
EndProject
Project("{2150E333-8FDC-42A3-9474-1A3956D46DE8}") = "Website", "Website", "{8BCEE370-FF3C-4C6C-8CDD-F2653BEB24D2}"
EndProject
Project("{2150E333-8FDC-42A3-9474-1A3956D46DE8}") = "Shared", "Shared", "{02E8EBE4-AE62-45C9-A127-C5CBD638AAE6}"
EndProject
Project("{FAE04EC0-301F-11D3-BF4B-00C04F79EFBC}") = "Ringer", "Ringer\Ringer.csproj", "{B51282D7-4B5A-45F9-8D1C-4107065486F0}"
EndProject
Project("{FAE04EC0-301F-11D3-BF4B-00C04F79EFBC}") = "Ringer.HubServer", "Ringer.HubServer\Ringer.HubServer.csproj", "{77045F75-45AB-4C70-88B9-7A27A63DBD4A}"
EndProject
Project("{FAE04EC0-301F-11D3-BF4B-00C04F79EFBC}") = "Ringer.PartnerWeb", "Ringer.PartnerWeb\Ringer.PartnerWeb.csproj", "{3C0645BF-EE19-4F51-8930-FF384A7E19BC}"
EndProject
Project("{9344BDBB-3E7F-41FC-A0DD-8665D75EE146}") = "Ringer.ChatServer", "Ringer.ChatServer\Ringer.ChatServer.csproj", "{EB5A1CC7-FE0A-47BC-B180-1472E89F1EC4}"
EndProject
Project("{9344BDBB-3E7F-41FC-A0DD-8665D75EE146}") = "Ringer.Web", "Ringer.Web\Ringer.Web.csproj", "{8E6C7EA5-C2C5-45BB-9A3D-B11067487E6C}"
EndProject
Global
	GlobalSection(SolutionConfigurationPlatforms) = preSolution
		Debug|Any CPU = Debug|Any CPU
		Debug|iPhone = Debug|iPhone
		Debug|iPhoneSimulator = Debug|iPhoneSimulator
		Release|Any CPU = Release|Any CPU
		Release|iPhone = Release|iPhone
		Release|iPhoneSimulator = Release|iPhoneSimulator
	EndGlobalSection
	GlobalSection(ProjectConfigurationPlatforms) = postSolution
		{DCB05695-32DD-4925-9D6A-23D875AF839F}.Debug|Any CPU.ActiveCfg = Debug|Any CPU
		{DCB05695-32DD-4925-9D6A-23D875AF839F}.Debug|Any CPU.Build.0 = Debug|Any CPU
		{DCB05695-32DD-4925-9D6A-23D875AF839F}.Debug|Any CPU.Deploy.0 = Debug|Any CPU
		{DCB05695-32DD-4925-9D6A-23D875AF839F}.Debug|iPhone.ActiveCfg = Debug|Any CPU
		{DCB05695-32DD-4925-9D6A-23D875AF839F}.Debug|iPhone.Build.0 = Debug|Any CPU
		{DCB05695-32DD-4925-9D6A-23D875AF839F}.Debug|iPhone.Deploy.0 = Debug|Any CPU
		{DCB05695-32DD-4925-9D6A-23D875AF839F}.Debug|iPhoneSimulator.ActiveCfg = Debug|Any CPU
		{DCB05695-32DD-4925-9D6A-23D875AF839F}.Debug|iPhoneSimulator.Build.0 = Debug|Any CPU
		{DCB05695-32DD-4925-9D6A-23D875AF839F}.Debug|iPhoneSimulator.Deploy.0 = Debug|Any CPU
		{DCB05695-32DD-4925-9D6A-23D875AF839F}.Release|Any CPU.ActiveCfg = Release|Any CPU
		{DCB05695-32DD-4925-9D6A-23D875AF839F}.Release|Any CPU.Build.0 = Release|Any CPU
		{DCB05695-32DD-4925-9D6A-23D875AF839F}.Release|Any CPU.Deploy.0 = Release|Any CPU
		{DCB05695-32DD-4925-9D6A-23D875AF839F}.Release|iPhone.ActiveCfg = Release|Any CPU
		{DCB05695-32DD-4925-9D6A-23D875AF839F}.Release|iPhone.Build.0 = Release|Any CPU
		{DCB05695-32DD-4925-9D6A-23D875AF839F}.Release|iPhone.Deploy.0 = Release|Any CPU
		{DCB05695-32DD-4925-9D6A-23D875AF839F}.Release|iPhoneSimulator.ActiveCfg = Release|Any CPU
		{DCB05695-32DD-4925-9D6A-23D875AF839F}.Release|iPhoneSimulator.Build.0 = Release|Any CPU
		{DCB05695-32DD-4925-9D6A-23D875AF839F}.Release|iPhoneSimulator.Deploy.0 = Release|Any CPU
		{D6CBD686-09D0-464B-A5C3-31AF49A39289}.Debug|Any CPU.ActiveCfg = Debug|iPhoneSimulator
		{D6CBD686-09D0-464B-A5C3-31AF49A39289}.Debug|Any CPU.Build.0 = Debug|iPhoneSimulator
		{D6CBD686-09D0-464B-A5C3-31AF49A39289}.Debug|Any CPU.Deploy.0 = Debug|iPhoneSimulator
		{D6CBD686-09D0-464B-A5C3-31AF49A39289}.Debug|iPhone.ActiveCfg = Debug|iPhone
		{D6CBD686-09D0-464B-A5C3-31AF49A39289}.Debug|iPhone.Build.0 = Debug|iPhone
		{D6CBD686-09D0-464B-A5C3-31AF49A39289}.Debug|iPhone.Deploy.0 = Debug|iPhone
		{D6CBD686-09D0-464B-A5C3-31AF49A39289}.Debug|iPhoneSimulator.ActiveCfg = Debug|iPhoneSimulator
		{D6CBD686-09D0-464B-A5C3-31AF49A39289}.Debug|iPhoneSimulator.Build.0 = Debug|iPhoneSimulator
		{D6CBD686-09D0-464B-A5C3-31AF49A39289}.Debug|iPhoneSimulator.Deploy.0 = Debug|iPhoneSimulator
		{D6CBD686-09D0-464B-A5C3-31AF49A39289}.Release|Any CPU.ActiveCfg = Release|iPhone
		{D6CBD686-09D0-464B-A5C3-31AF49A39289}.Release|Any CPU.Build.0 = Release|iPhone
		{D6CBD686-09D0-464B-A5C3-31AF49A39289}.Release|Any CPU.Deploy.0 = Release|iPhone
		{D6CBD686-09D0-464B-A5C3-31AF49A39289}.Release|iPhone.ActiveCfg = Release|iPhone
		{D6CBD686-09D0-464B-A5C3-31AF49A39289}.Release|iPhone.Build.0 = Release|iPhone
		{D6CBD686-09D0-464B-A5C3-31AF49A39289}.Release|iPhone.Deploy.0 = Release|iPhone
		{D6CBD686-09D0-464B-A5C3-31AF49A39289}.Release|iPhoneSimulator.ActiveCfg = Release|iPhoneSimulator
		{D6CBD686-09D0-464B-A5C3-31AF49A39289}.Release|iPhoneSimulator.Build.0 = Release|iPhoneSimulator
		{D6CBD686-09D0-464B-A5C3-31AF49A39289}.Release|iPhoneSimulator.Deploy.0 = Release|iPhoneSimulator
		{3D9088D3-FEE0-4401-B39D-85934C33486C}.Debug|Any CPU.ActiveCfg = Debug|Any CPU
		{3D9088D3-FEE0-4401-B39D-85934C33486C}.Debug|Any CPU.Build.0 = Debug|Any CPU
		{3D9088D3-FEE0-4401-B39D-85934C33486C}.Debug|iPhone.ActiveCfg = Debug|Any CPU
		{3D9088D3-FEE0-4401-B39D-85934C33486C}.Debug|iPhone.Build.0 = Debug|Any CPU
		{3D9088D3-FEE0-4401-B39D-85934C33486C}.Debug|iPhoneSimulator.ActiveCfg = Debug|Any CPU
		{3D9088D3-FEE0-4401-B39D-85934C33486C}.Debug|iPhoneSimulator.Build.0 = Debug|Any CPU
		{3D9088D3-FEE0-4401-B39D-85934C33486C}.Release|Any CPU.ActiveCfg = Release|Any CPU
		{3D9088D3-FEE0-4401-B39D-85934C33486C}.Release|Any CPU.Build.0 = Release|Any CPU
		{3D9088D3-FEE0-4401-B39D-85934C33486C}.Release|iPhone.ActiveCfg = Release|Any CPU
		{3D9088D3-FEE0-4401-B39D-85934C33486C}.Release|iPhone.Build.0 = Release|Any CPU
		{3D9088D3-FEE0-4401-B39D-85934C33486C}.Release|iPhoneSimulator.ActiveCfg = Release|Any CPU
		{3D9088D3-FEE0-4401-B39D-85934C33486C}.Release|iPhoneSimulator.Build.0 = Release|Any CPU
		{0268A4F9-FA1C-4E5E-82BE-8092B5E8F96B}.Debug|Any CPU.ActiveCfg = Debug|Any CPU
		{0268A4F9-FA1C-4E5E-82BE-8092B5E8F96B}.Debug|Any CPU.Build.0 = Debug|Any CPU
		{0268A4F9-FA1C-4E5E-82BE-8092B5E8F96B}.Debug|iPhone.ActiveCfg = Debug|Any CPU
		{0268A4F9-FA1C-4E5E-82BE-8092B5E8F96B}.Debug|iPhone.Build.0 = Debug|Any CPU
		{0268A4F9-FA1C-4E5E-82BE-8092B5E8F96B}.Debug|iPhoneSimulator.ActiveCfg = Debug|Any CPU
		{0268A4F9-FA1C-4E5E-82BE-8092B5E8F96B}.Debug|iPhoneSimulator.Build.0 = Debug|Any CPU
		{0268A4F9-FA1C-4E5E-82BE-8092B5E8F96B}.Release|Any CPU.ActiveCfg = Release|Any CPU
		{0268A4F9-FA1C-4E5E-82BE-8092B5E8F96B}.Release|Any CPU.Build.0 = Release|Any CPU
		{0268A4F9-FA1C-4E5E-82BE-8092B5E8F96B}.Release|iPhone.ActiveCfg = Release|Any CPU
		{0268A4F9-FA1C-4E5E-82BE-8092B5E8F96B}.Release|iPhone.Build.0 = Release|Any CPU
		{0268A4F9-FA1C-4E5E-82BE-8092B5E8F96B}.Release|iPhoneSimulator.ActiveCfg = Release|Any CPU
		{0268A4F9-FA1C-4E5E-82BE-8092B5E8F96B}.Release|iPhoneSimulator.Build.0 = Release|Any CPU
		{B51282D7-4B5A-45F9-8D1C-4107065486F0}.Debug|Any CPU.ActiveCfg = Debug|Any CPU
		{B51282D7-4B5A-45F9-8D1C-4107065486F0}.Debug|Any CPU.Build.0 = Debug|Any CPU
		{B51282D7-4B5A-45F9-8D1C-4107065486F0}.Debug|Any CPU.Deploy.0 = Debug|Any CPU
		{B51282D7-4B5A-45F9-8D1C-4107065486F0}.Debug|iPhone.ActiveCfg = Debug|Any CPU
		{B51282D7-4B5A-45F9-8D1C-4107065486F0}.Debug|iPhone.Build.0 = Debug|Any CPU
		{B51282D7-4B5A-45F9-8D1C-4107065486F0}.Debug|iPhone.Deploy.0 = Debug|Any CPU
		{B51282D7-4B5A-45F9-8D1C-4107065486F0}.Debug|iPhoneSimulator.ActiveCfg = Debug|Any CPU
		{B51282D7-4B5A-45F9-8D1C-4107065486F0}.Debug|iPhoneSimulator.Build.0 = Debug|Any CPU
		{B51282D7-4B5A-45F9-8D1C-4107065486F0}.Debug|iPhoneSimulator.Deploy.0 = Debug|Any CPU
		{B51282D7-4B5A-45F9-8D1C-4107065486F0}.Release|Any CPU.ActiveCfg = Release|Any CPU
		{B51282D7-4B5A-45F9-8D1C-4107065486F0}.Release|Any CPU.Build.0 = Release|Any CPU
		{B51282D7-4B5A-45F9-8D1C-4107065486F0}.Release|Any CPU.Deploy.0 = Release|Any CPU
		{B51282D7-4B5A-45F9-8D1C-4107065486F0}.Release|iPhone.ActiveCfg = Release|Any CPU
		{B51282D7-4B5A-45F9-8D1C-4107065486F0}.Release|iPhone.Build.0 = Release|Any CPU
		{B51282D7-4B5A-45F9-8D1C-4107065486F0}.Release|iPhone.Deploy.0 = Release|Any CPU
		{B51282D7-4B5A-45F9-8D1C-4107065486F0}.Release|iPhoneSimulator.ActiveCfg = Release|Any CPU
		{B51282D7-4B5A-45F9-8D1C-4107065486F0}.Release|iPhoneSimulator.Build.0 = Release|Any CPU
		{B51282D7-4B5A-45F9-8D1C-4107065486F0}.Release|iPhoneSimulator.Deploy.0 = Release|Any CPU
		{77045F75-45AB-4C70-88B9-7A27A63DBD4A}.Debug|Any CPU.ActiveCfg = Debug|Any CPU
		{77045F75-45AB-4C70-88B9-7A27A63DBD4A}.Debug|Any CPU.Build.0 = Debug|Any CPU
		{77045F75-45AB-4C70-88B9-7A27A63DBD4A}.Debug|iPhone.ActiveCfg = Debug|Any CPU
		{77045F75-45AB-4C70-88B9-7A27A63DBD4A}.Debug|iPhone.Build.0 = Debug|Any CPU
		{77045F75-45AB-4C70-88B9-7A27A63DBD4A}.Debug|iPhoneSimulator.ActiveCfg = Debug|Any CPU
		{77045F75-45AB-4C70-88B9-7A27A63DBD4A}.Debug|iPhoneSimulator.Build.0 = Debug|Any CPU
		{77045F75-45AB-4C70-88B9-7A27A63DBD4A}.Release|Any CPU.ActiveCfg = Release|Any CPU
		{77045F75-45AB-4C70-88B9-7A27A63DBD4A}.Release|Any CPU.Build.0 = Release|Any CPU
		{77045F75-45AB-4C70-88B9-7A27A63DBD4A}.Release|iPhone.ActiveCfg = Release|Any CPU
		{77045F75-45AB-4C70-88B9-7A27A63DBD4A}.Release|iPhone.Build.0 = Release|Any CPU
		{77045F75-45AB-4C70-88B9-7A27A63DBD4A}.Release|iPhoneSimulator.ActiveCfg = Release|Any CPU
		{77045F75-45AB-4C70-88B9-7A27A63DBD4A}.Release|iPhoneSimulator.Build.0 = Release|Any CPU
		{3C0645BF-EE19-4F51-8930-FF384A7E19BC}.Debug|Any CPU.ActiveCfg = Debug|Any CPU
		{3C0645BF-EE19-4F51-8930-FF384A7E19BC}.Debug|Any CPU.Build.0 = Debug|Any CPU
		{3C0645BF-EE19-4F51-8930-FF384A7E19BC}.Debug|iPhone.ActiveCfg = Debug|Any CPU
		{3C0645BF-EE19-4F51-8930-FF384A7E19BC}.Debug|iPhone.Build.0 = Debug|Any CPU
		{3C0645BF-EE19-4F51-8930-FF384A7E19BC}.Debug|iPhoneSimulator.ActiveCfg = Debug|Any CPU
		{3C0645BF-EE19-4F51-8930-FF384A7E19BC}.Debug|iPhoneSimulator.Build.0 = Debug|Any CPU
		{3C0645BF-EE19-4F51-8930-FF384A7E19BC}.Release|Any CPU.ActiveCfg = Release|Any CPU
		{3C0645BF-EE19-4F51-8930-FF384A7E19BC}.Release|Any CPU.Build.0 = Release|Any CPU
		{3C0645BF-EE19-4F51-8930-FF384A7E19BC}.Release|iPhone.ActiveCfg = Release|Any CPU
		{3C0645BF-EE19-4F51-8930-FF384A7E19BC}.Release|iPhone.Build.0 = Release|Any CPU
		{3C0645BF-EE19-4F51-8930-FF384A7E19BC}.Release|iPhoneSimulator.ActiveCfg = Release|Any CPU
		{3C0645BF-EE19-4F51-8930-FF384A7E19BC}.Release|iPhoneSimulator.Build.0 = Release|Any CPU
		{EB5A1CC7-FE0A-47BC-B180-1472E89F1EC4}.Debug|Any CPU.ActiveCfg = Debug|Any CPU
		{EB5A1CC7-FE0A-47BC-B180-1472E89F1EC4}.Debug|Any CPU.Build.0 = Debug|Any CPU
		{EB5A1CC7-FE0A-47BC-B180-1472E89F1EC4}.Debug|iPhone.ActiveCfg = Debug|Any CPU
		{EB5A1CC7-FE0A-47BC-B180-1472E89F1EC4}.Debug|iPhone.Build.0 = Debug|Any CPU
		{EB5A1CC7-FE0A-47BC-B180-1472E89F1EC4}.Debug|iPhoneSimulator.ActiveCfg = Debug|Any CPU
		{EB5A1CC7-FE0A-47BC-B180-1472E89F1EC4}.Debug|iPhoneSimulator.Build.0 = Debug|Any CPU
		{EB5A1CC7-FE0A-47BC-B180-1472E89F1EC4}.Release|Any CPU.ActiveCfg = Release|Any CPU
		{EB5A1CC7-FE0A-47BC-B180-1472E89F1EC4}.Release|Any CPU.Build.0 = Release|Any CPU
		{EB5A1CC7-FE0A-47BC-B180-1472E89F1EC4}.Release|iPhone.ActiveCfg = Release|Any CPU
		{EB5A1CC7-FE0A-47BC-B180-1472E89F1EC4}.Release|iPhone.Build.0 = Release|Any CPU
		{EB5A1CC7-FE0A-47BC-B180-1472E89F1EC4}.Release|iPhoneSimulator.ActiveCfg = Release|Any CPU
		{EB5A1CC7-FE0A-47BC-B180-1472E89F1EC4}.Release|iPhoneSimulator.Build.0 = Release|Any CPU
		{8E6C7EA5-C2C5-45BB-9A3D-B11067487E6C}.Debug|Any CPU.ActiveCfg = Debug|Any CPU
		{8E6C7EA5-C2C5-45BB-9A3D-B11067487E6C}.Debug|Any CPU.Build.0 = Debug|Any CPU
		{8E6C7EA5-C2C5-45BB-9A3D-B11067487E6C}.Debug|iPhone.ActiveCfg = Debug|Any CPU
		{8E6C7EA5-C2C5-45BB-9A3D-B11067487E6C}.Debug|iPhone.Build.0 = Debug|Any CPU
		{8E6C7EA5-C2C5-45BB-9A3D-B11067487E6C}.Debug|iPhoneSimulator.ActiveCfg = Debug|Any CPU
		{8E6C7EA5-C2C5-45BB-9A3D-B11067487E6C}.Debug|iPhoneSimulator.Build.0 = Debug|Any CPU
		{8E6C7EA5-C2C5-45BB-9A3D-B11067487E6C}.Release|Any CPU.ActiveCfg = Release|Any CPU
		{8E6C7EA5-C2C5-45BB-9A3D-B11067487E6C}.Release|Any CPU.Build.0 = Release|Any CPU
		{8E6C7EA5-C2C5-45BB-9A3D-B11067487E6C}.Release|iPhone.ActiveCfg = Release|Any CPU
		{8E6C7EA5-C2C5-45BB-9A3D-B11067487E6C}.Release|iPhone.Build.0 = Release|Any CPU
		{8E6C7EA5-C2C5-45BB-9A3D-B11067487E6C}.Release|iPhoneSimulator.ActiveCfg = Release|Any CPU
		{8E6C7EA5-C2C5-45BB-9A3D-B11067487E6C}.Release|iPhoneSimulator.Build.0 = Release|Any CPU
	EndGlobalSection
	GlobalSection(SolutionProperties) = preSolution
		HideSolutionNode = FALSE
	EndGlobalSection
	GlobalSection(NestedProjects) = preSolution
		{DCB05695-32DD-4925-9D6A-23D875AF839F} = {C3302CE3-E6C5-4241-B230-ED7BDDAD34DD}
		{D6CBD686-09D0-464B-A5C3-31AF49A39289} = {C3302CE3-E6C5-4241-B230-ED7BDDAD34DD}
		{3D9088D3-FEE0-4401-B39D-85934C33486C} = {02E8EBE4-AE62-45C9-A127-C5CBD638AAE6}
		{0268A4F9-FA1C-4E5E-82BE-8092B5E8F96B} = {E2A5218E-F8F2-444E-9E86-CBFD4C39E5D2}
		{B51282D7-4B5A-45F9-8D1C-4107065486F0} = {C3302CE3-E6C5-4241-B230-ED7BDDAD34DD}
		{77045F75-45AB-4C70-88B9-7A27A63DBD4A} = {8C5CADC1-D683-44AD-84B9-0AF4688B9554}
		{3C0645BF-EE19-4F51-8930-FF384A7E19BC} = {8BCEE370-FF3C-4C6C-8CDD-F2653BEB24D2}
		{EB5A1CC7-FE0A-47BC-B180-1472E89F1EC4} = {8C5CADC1-D683-44AD-84B9-0AF4688B9554}
		{8E6C7EA5-C2C5-45BB-9A3D-B11067487E6C} = {8BCEE370-FF3C-4C6C-8CDD-F2653BEB24D2}
	EndGlobalSection
	GlobalSection(ExtensibilityGlobals) = postSolution
		SolutionGuid = {33C9C221-E4F0-4768-A6BC-52BBC408BED9}
	EndGlobalSection
EndGlobal
