
Microsoft Visual Studio Solution File, Format Version 12.00
# Visual Studio Version 16
VisualStudioVersion = 16.0.29209.62
MinimumVisualStudioVersion = 10.0.40219.1
Project("{FAE04EC0-301F-11D3-BF4B-00C04F79EFBC}") = "Ringer.Android", "Ringer.Android\Ringer.Android.csproj", "{DCB05695-32DD-4925-9D6A-23D875AF839F}"
EndProject
Project("{FAE04EC0-301F-11D3-BF4B-00C04F79EFBC}") = "Ringer.iOS", "Ringer.iOS\Ringer.iOS.csproj", "{D6CBD686-09D0-464B-A5C3-31AF49A39289}"
EndProject
Project("{9A19103F-16F7-4668-BE54-9A1E7A4F7556}") = "Ringer.Core", "Ringer.Core\Ringer.Core.csproj", "{3D9088D3-FEE0-4401-B39D-85934C33486C}"
EndProject
Project("{FAE04EC0-301F-11D3-BF4B-00C04F79EFBC}") = "Ringer.Console", "Ringer.Console\Ringer.Console.csproj", "{0268A4F9-FA1C-4E5E-82BE-8092B5E8F96B}"
EndProject
Project("{2150E333-8FDC-42A3-9474-1A3956D46DE8}") = "Mobile", "Mobile", "{C3302CE3-E6C5-4241-B230-ED7BDDAD34DD}"
EndProject
Project("{2150E333-8FDC-42A3-9474-1A3956D46DE8}") = "Backend", "Backend", "{8C5CADC1-D683-44AD-84B9-0AF4688B9554}"
EndProject
Project("{2150E333-8FDC-42A3-9474-1A3956D46DE8}") = "Console", "Console", "{E2A5218E-F8F2-444E-9E86-CBFD4C39E5D2}"
EndProject
Project("{2150E333-8FDC-42A3-9474-1A3956D46DE8}") = "Website", "Website", "{8BCEE370-FF3C-4C6C-8CDD-F2653BEB24D2}"
EndProject
Project("{2150E333-8FDC-42A3-9474-1A3956D46DE8}") = "Shared", "Shared", "{02E8EBE4-AE62-45C9-A127-C5CBD638AAE6}"
EndProject
Project("{FAE04EC0-301F-11D3-BF4B-00C04F79EFBC}") = "Ringer", "Ringer\Ringer.csproj", "{B51282D7-4B5A-45F9-8D1C-4107065486F0}"
EndProject
Project("{FAE04EC0-301F-11D3-BF4B-00C04F79EFBC}") = "RingerStaff.Android", "RingerStaff.Android\RingerStaff.Android.csproj", "{4AB3E2A5-06D6-458A-AFC6-017D04869B3A}"
EndProject
Project("{FAE04EC0-301F-11D3-BF4B-00C04F79EFBC}") = "RingerStaff.iOS", "RingerStaff.iOS\RingerStaff.iOS.csproj", "{1BA88C1E-40DB-4DEE-9878-128DB7B4F89C}"
EndProject
Project("{FAE04EC0-301F-11D3-BF4B-00C04F79EFBC}") = "RingerStaff", "RingerStaff\RingerStaff.csproj", "{FC8524A5-2C79-4545-93B2-985E120FA69E}"
EndProject
Project("{FAE04EC0-301F-11D3-BF4B-00C04F79EFBC}") = "Ringer.PartnerWeb", "Ringer.PartnerWeb\Ringer.PartnerWeb.csproj", "{DFE62C57-3F8C-4AB9-B569-89D282C26EAE}"
EndProject
Project("{FAE04EC0-301F-11D3-BF4B-00C04F79EFBC}") = "Ringer.HubServer", "Ringer.HubServer\Ringer.HubServer.csproj", "{C519F871-C550-4343-8AEC-DA2A3DFED2DF}"
EndProject
Global
	GlobalSection(SolutionConfigurationPlatforms) = preSolution
		Debug|Any CPU = Debug|Any CPU
		Debug|iPhone = Debug|iPhone
		Debug|iPhoneSimulator = Debug|iPhoneSimulator
		Release|Any CPU = Release|Any CPU
		Release|iPhone = Release|iPhone
		Release|iPhoneSimulator = Release|iPhoneSimulator
	EndGlobalSection
	GlobalSection(ProjectConfigurationPlatforms) = postSolution
		{DCB05695-32DD-4925-9D6A-23D875AF839F}.Debug|Any CPU.ActiveCfg = Debug|Any CPU
		{DCB05695-32DD-4925-9D6A-23D875AF839F}.Debug|Any CPU.Build.0 = Debug|Any CPU
		{DCB05695-32DD-4925-9D6A-23D875AF839F}.Debug|Any CPU.Deploy.0 = Debug|Any CPU
		{DCB05695-32DD-4925-9D6A-23D875AF839F}.Debug|iPhone.ActiveCfg = Debug|Any CPU
		{DCB05695-32DD-4925-9D6A-23D875AF839F}.Debug|iPhone.Build.0 = Debug|Any CPU
		{DCB05695-32DD-4925-9D6A-23D875AF839F}.Debug|iPhone.Deploy.0 = Debug|Any CPU
		{DCB05695-32DD-4925-9D6A-23D875AF839F}.Debug|iPhoneSimulator.ActiveCfg = Debug|Any CPU
		{DCB05695-32DD-4925-9D6A-23D875AF839F}.Debug|iPhoneSimulator.Build.0 = Debug|Any CPU
		{DCB05695-32DD-4925-9D6A-23D875AF839F}.Debug|iPhoneSimulator.Deploy.0 = Debug|Any CPU
		{DCB05695-32DD-4925-9D6A-23D875AF839F}.Release|Any CPU.ActiveCfg = Release|Any CPU
		{DCB05695-32DD-4925-9D6A-23D875AF839F}.Release|Any CPU.Build.0 = Release|Any CPU
		{DCB05695-32DD-4925-9D6A-23D875AF839F}.Release|Any CPU.Deploy.0 = Release|Any CPU
		{DCB05695-32DD-4925-9D6A-23D875AF839F}.Release|iPhone.ActiveCfg = Release|Any CPU
		{DCB05695-32DD-4925-9D6A-23D875AF839F}.Release|iPhone.Deploy.0 = Release|Any CPU
		{DCB05695-32DD-4925-9D6A-23D875AF839F}.Release|iPhoneSimulator.ActiveCfg = Release|Any CPU
		{DCB05695-32DD-4925-9D6A-23D875AF839F}.Release|iPhoneSimulator.Deploy.0 = Release|Any CPU
		{D6CBD686-09D0-464B-A5C3-31AF49A39289}.Debug|Any CPU.ActiveCfg = Debug|iPhoneSimulator
		{D6CBD686-09D0-464B-A5C3-31AF49A39289}.Debug|Any CPU.Build.0 = Debug|iPhoneSimulator
		{D6CBD686-09D0-464B-A5C3-31AF49A39289}.Debug|Any CPU.Deploy.0 = Debug|iPhoneSimulator
		{D6CBD686-09D0-464B-A5C3-31AF49A39289}.Debug|iPhone.ActiveCfg = Debug|iPhone
		{D6CBD686-09D0-464B-A5C3-31AF49A39289}.Debug|iPhone.Build.0 = Debug|iPhone
		{D6CBD686-09D0-464B-A5C3-31AF49A39289}.Debug|iPhone.Deploy.0 = Debug|iPhone
		{D6CBD686-09D0-464B-A5C3-31AF49A39289}.Debug|iPhoneSimulator.ActiveCfg = Debug|iPhoneSimulator
		{D6CBD686-09D0-464B-A5C3-31AF49A39289}.Debug|iPhoneSimulator.Build.0 = Debug|iPhoneSimulator
		{D6CBD686-09D0-464B-A5C3-31AF49A39289}.Debug|iPhoneSimulator.Deploy.0 = Debug|iPhoneSimulator
		{D6CBD686-09D0-464B-A5C3-31AF49A39289}.Release|Any CPU.ActiveCfg = Release|iPhone
		{D6CBD686-09D0-464B-A5C3-31AF49A39289}.Release|Any CPU.Build.0 = Release|iPhone
		{D6CBD686-09D0-464B-A5C3-31AF49A39289}.Release|Any CPU.Deploy.0 = Release|iPhone
		{D6CBD686-09D0-464B-A5C3-31AF49A39289}.Release|iPhone.ActiveCfg = Release|iPhone
		{D6CBD686-09D0-464B-A5C3-31AF49A39289}.Release|iPhone.Build.0 = Release|iPhone
		{D6CBD686-09D0-464B-A5C3-31AF49A39289}.Release|iPhone.Deploy.0 = Release|iPhone
		{D6CBD686-09D0-464B-A5C3-31AF49A39289}.Release|iPhoneSimulator.ActiveCfg = Release|iPhoneSimulator
		{D6CBD686-09D0-464B-A5C3-31AF49A39289}.Release|iPhoneSimulator.Build.0 = Release|iPhoneSimulator
		{D6CBD686-09D0-464B-A5C3-31AF49A39289}.Release|iPhoneSimulator.Deploy.0 = Release|iPhoneSimulator
		{3D9088D3-FEE0-4401-B39D-85934C33486C}.Debug|Any CPU.ActiveCfg = Debug|Any CPU
		{3D9088D3-FEE0-4401-B39D-85934C33486C}.Debug|Any CPU.Build.0 = Debug|Any CPU
		{3D9088D3-FEE0-4401-B39D-85934C33486C}.Debug|iPhone.ActiveCfg = Debug|Any CPU
		{3D9088D3-FEE0-4401-B39D-85934C33486C}.Debug|iPhone.Build.0 = Debug|Any CPU
		{3D9088D3-FEE0-4401-B39D-85934C33486C}.Debug|iPhoneSimulator.ActiveCfg = Debug|Any CPU
		{3D9088D3-FEE0-4401-B39D-85934C33486C}.Debug|iPhoneSimulator.Build.0 = Debug|Any CPU
		{3D9088D3-FEE0-4401-B39D-85934C33486C}.Release|Any CPU.ActiveCfg = Release|Any CPU
		{3D9088D3-FEE0-4401-B39D-85934C33486C}.Release|Any CPU.Build.0 = Release|Any CPU
		{3D9088D3-FEE0-4401-B39D-85934C33486C}.Release|iPhone.ActiveCfg = Release|Any CPU
		{3D9088D3-FEE0-4401-B39D-85934C33486C}.Release|iPhone.Build.0 = Release|Any CPU
		{3D9088D3-FEE0-4401-B39D-85934C33486C}.Release|iPhoneSimulator.ActiveCfg = Release|Any CPU
		{3D9088D3-FEE0-4401-B39D-85934C33486C}.Release|iPhoneSimulator.Build.0 = Release|Any CPU
		{0268A4F9-FA1C-4E5E-82BE-8092B5E8F96B}.Debug|Any CPU.ActiveCfg = Debug|Any CPU
		{0268A4F9-FA1C-4E5E-82BE-8092B5E8F96B}.Debug|Any CPU.Build.0 = Debug|Any CPU
		{0268A4F9-FA1C-4E5E-82BE-8092B5E8F96B}.Debug|iPhone.ActiveCfg = Debug|Any CPU
		{0268A4F9-FA1C-4E5E-82BE-8092B5E8F96B}.Debug|iPhone.Build.0 = Debug|Any CPU
		{0268A4F9-FA1C-4E5E-82BE-8092B5E8F96B}.Debug|iPhoneSimulator.ActiveCfg = Debug|Any CPU
		{0268A4F9-FA1C-4E5E-82BE-8092B5E8F96B}.Debug|iPhoneSimulator.Build.0 = Debug|Any CPU
		{0268A4F9-FA1C-4E5E-82BE-8092B5E8F96B}.Release|Any CPU.ActiveCfg = Release|Any CPU
		{0268A4F9-FA1C-4E5E-82BE-8092B5E8F96B}.Release|Any CPU.Build.0 = Release|Any CPU
		{0268A4F9-FA1C-4E5E-82BE-8092B5E8F96B}.Release|iPhone.ActiveCfg = Release|Any CPU
		{0268A4F9-FA1C-4E5E-82BE-8092B5E8F96B}.Release|iPhoneSimulator.ActiveCfg = Release|Any CPU
		{B51282D7-4B5A-45F9-8D1C-4107065486F0}.Debug|Any CPU.ActiveCfg = Debug|Any CPU
		{B51282D7-4B5A-45F9-8D1C-4107065486F0}.Debug|Any CPU.Build.0 = Debug|Any CPU
		{B51282D7-4B5A-45F9-8D1C-4107065486F0}.Debug|Any CPU.Deploy.0 = Debug|Any CPU
		{B51282D7-4B5A-45F9-8D1C-4107065486F0}.Debug|iPhone.ActiveCfg = Debug|Any CPU
		{B51282D7-4B5A-45F9-8D1C-4107065486F0}.Debug|iPhone.Build.0 = Debug|Any CPU
		{B51282D7-4B5A-45F9-8D1C-4107065486F0}.Debug|iPhone.Deploy.0 = Debug|Any CPU
		{B51282D7-4B5A-45F9-8D1C-4107065486F0}.Debug|iPhoneSimulator.ActiveCfg = Debug|Any CPU
		{B51282D7-4B5A-45F9-8D1C-4107065486F0}.Debug|iPhoneSimulator.Build.0 = Debug|Any CPU
		{B51282D7-4B5A-45F9-8D1C-4107065486F0}.Debug|iPhoneSimulator.Deploy.0 = Debug|Any CPU
		{B51282D7-4B5A-45F9-8D1C-4107065486F0}.Release|Any CPU.ActiveCfg = Release|Any CPU
		{B51282D7-4B5A-45F9-8D1C-4107065486F0}.Release|Any CPU.Build.0 = Release|Any CPU
		{B51282D7-4B5A-45F9-8D1C-4107065486F0}.Release|Any CPU.Deploy.0 = Release|Any CPU
		{B51282D7-4B5A-45F9-8D1C-4107065486F0}.Release|iPhone.ActiveCfg = Release|Any CPU
		{B51282D7-4B5A-45F9-8D1C-4107065486F0}.Release|iPhone.Build.0 = Release|Any CPU
		{B51282D7-4B5A-45F9-8D1C-4107065486F0}.Release|iPhone.Deploy.0 = Release|Any CPU
		{B51282D7-4B5A-45F9-8D1C-4107065486F0}.Release|iPhoneSimulator.ActiveCfg = Release|Any CPU
		{B51282D7-4B5A-45F9-8D1C-4107065486F0}.Release|iPhoneSimulator.Build.0 = Release|Any CPU
		{B51282D7-4B5A-45F9-8D1C-4107065486F0}.Release|iPhoneSimulator.Deploy.0 = Release|Any CPU
		{4AB3E2A5-06D6-458A-AFC6-017D04869B3A}.Debug|Any CPU.ActiveCfg = Debug|Any CPU
		{4AB3E2A5-06D6-458A-AFC6-017D04869B3A}.Debug|Any CPU.Build.0 = Debug|Any CPU
		{4AB3E2A5-06D6-458A-AFC6-017D04869B3A}.Debug|iPhone.ActiveCfg = Debug|Any CPU
		{4AB3E2A5-06D6-458A-AFC6-017D04869B3A}.Debug|iPhone.Build.0 = Debug|Any CPU
		{4AB3E2A5-06D6-458A-AFC6-017D04869B3A}.Debug|iPhoneSimulator.ActiveCfg = Debug|Any CPU
		{4AB3E2A5-06D6-458A-AFC6-017D04869B3A}.Debug|iPhoneSimulator.Build.0 = Debug|Any CPU
		{4AB3E2A5-06D6-458A-AFC6-017D04869B3A}.Release|Any CPU.ActiveCfg = Release|Any CPU
		{4AB3E2A5-06D6-458A-AFC6-017D04869B3A}.Release|Any CPU.Build.0 = Release|Any CPU
		{4AB3E2A5-06D6-458A-AFC6-017D04869B3A}.Release|iPhone.ActiveCfg = Release|Any CPU
		{4AB3E2A5-06D6-458A-AFC6-017D04869B3A}.Release|iPhoneSimulator.ActiveCfg = Release|Any CPU
		{1BA88C1E-40DB-4DEE-9878-128DB7B4F89C}.Debug|Any CPU.ActiveCfg = Debug|iPhoneSimulator
		{1BA88C1E-40DB-4DEE-9878-128DB7B4F89C}.Debug|Any CPU.Build.0 = Debug|iPhoneSimulator
		{1BA88C1E-40DB-4DEE-9878-128DB7B4F89C}.Debug|iPhone.ActiveCfg = Debug|iPhone
		{1BA88C1E-40DB-4DEE-9878-128DB7B4F89C}.Debug|iPhone.Build.0 = Debug|iPhone
		{1BA88C1E-40DB-4DEE-9878-128DB7B4F89C}.Debug|iPhoneSimulator.ActiveCfg = Debug|iPhoneSimulator
		{1BA88C1E-40DB-4DEE-9878-128DB7B4F89C}.Debug|iPhoneSimulator.Build.0 = Debug|iPhoneSimulator
		{1BA88C1E-40DB-4DEE-9878-128DB7B4F89C}.Release|Any CPU.ActiveCfg = Release|iPhone
		{1BA88C1E-40DB-4DEE-9878-128DB7B4F89C}.Release|Any CPU.Build.0 = Release|iPhone
		{1BA88C1E-40DB-4DEE-9878-128DB7B4F89C}.Release|iPhone.ActiveCfg = Release|iPhone
		{1BA88C1E-40DB-4DEE-9878-128DB7B4F89C}.Release|iPhoneSimulator.ActiveCfg = Release|iPhoneSimulator
		{FC8524A5-2C79-4545-93B2-985E120FA69E}.Debug|Any CPU.ActiveCfg = Debug|Any CPU
		{FC8524A5-2C79-4545-93B2-985E120FA69E}.Debug|Any CPU.Build.0 = Debug|Any CPU
		{FC8524A5-2C79-4545-93B2-985E120FA69E}.Debug|iPhone.ActiveCfg = Debug|Any CPU
		{FC8524A5-2C79-4545-93B2-985E120FA69E}.Debug|iPhone.Build.0 = Debug|Any CPU
		{FC8524A5-2C79-4545-93B2-985E120FA69E}.Debug|iPhoneSimulator.ActiveCfg = Debug|Any CPU
		{FC8524A5-2C79-4545-93B2-985E120FA69E}.Debug|iPhoneSimulator.Build.0 = Debug|Any CPU
		{FC8524A5-2C79-4545-93B2-985E120FA69E}.Release|Any CPU.ActiveCfg = Release|Any CPU
		{FC8524A5-2C79-4545-93B2-985E120FA69E}.Release|Any CPU.Build.0 = Release|Any CPU
		{FC8524A5-2C79-4545-93B2-985E120FA69E}.Release|iPhone.ActiveCfg = Release|Any CPU
		{FC8524A5-2C79-4545-93B2-985E120FA69E}.Release|iPhoneSimulator.ActiveCfg = Release|Any CPU
		{DFE62C57-3F8C-4AB9-B569-89D282C26EAE}.Debug|Any CPU.ActiveCfg = Debug|Any CPU
		{DFE62C57-3F8C-4AB9-B569-89D282C26EAE}.Debug|Any CPU.Build.0 = Debug|Any CPU
		{DFE62C57-3F8C-4AB9-B569-89D282C26EAE}.Debug|iPhone.ActiveCfg = Debug|Any CPU
		{DFE62C57-3F8C-4AB9-B569-89D282C26EAE}.Debug|iPhone.Build.0 = Debug|Any CPU
		{DFE62C57-3F8C-4AB9-B569-89D282C26EAE}.Debug|iPhoneSimulator.ActiveCfg = Debug|Any CPU
		{DFE62C57-3F8C-4AB9-B569-89D282C26EAE}.Debug|iPhoneSimulator.Build.0 = Debug|Any CPU
		{DFE62C57-3F8C-4AB9-B569-89D282C26EAE}.Release|Any CPU.ActiveCfg = Release|Any CPU
		{DFE62C57-3F8C-4AB9-B569-89D282C26EAE}.Release|Any CPU.Build.0 = Release|Any CPU
		{DFE62C57-3F8C-4AB9-B569-89D282C26EAE}.Release|iPhone.ActiveCfg = Release|Any CPU
		{DFE62C57-3F8C-4AB9-B569-89D282C26EAE}.Release|iPhoneSimulator.ActiveCfg = Release|Any CPU
		{C519F871-C550-4343-8AEC-DA2A3DFED2DF}.Debug|Any CPU.ActiveCfg = Debug|Any CPU
		{C519F871-C550-4343-8AEC-DA2A3DFED2DF}.Debug|Any CPU.Build.0 = Debug|Any CPU
		{C519F871-C550-4343-8AEC-DA2A3DFED2DF}.Debug|iPhone.ActiveCfg = Debug|Any CPU
		{C519F871-C550-4343-8AEC-DA2A3DFED2DF}.Debug|iPhone.Build.0 = Debug|Any CPU
		{C519F871-C550-4343-8AEC-DA2A3DFED2DF}.Debug|iPhoneSimulator.ActiveCfg = Debug|Any CPU
		{C519F871-C550-4343-8AEC-DA2A3DFED2DF}.Debug|iPhoneSimulator.Build.0 = Debug|Any CPU
		{C519F871-C550-4343-8AEC-DA2A3DFED2DF}.Release|Any CPU.ActiveCfg = Release|Any CPU
		{C519F871-C550-4343-8AEC-DA2A3DFED2DF}.Release|Any CPU.Build.0 = Release|Any CPU
		{C519F871-C550-4343-8AEC-DA2A3DFED2DF}.Release|iPhone.ActiveCfg = Release|Any CPU
		{C519F871-C550-4343-8AEC-DA2A3DFED2DF}.Release|iPhoneSimulator.ActiveCfg = Release|Any CPU
	EndGlobalSection
	GlobalSection(SolutionProperties) = preSolution
		HideSolutionNode = FALSE
	EndGlobalSection
	GlobalSection(NestedProjects) = preSolution
		{DCB05695-32DD-4925-9D6A-23D875AF839F} = {C3302CE3-E6C5-4241-B230-ED7BDDAD34DD}
		{D6CBD686-09D0-464B-A5C3-31AF49A39289} = {C3302CE3-E6C5-4241-B230-ED7BDDAD34DD}
		{3D9088D3-FEE0-4401-B39D-85934C33486C} = {02E8EBE4-AE62-45C9-A127-C5CBD638AAE6}
		{0268A4F9-FA1C-4E5E-82BE-8092B5E8F96B} = {E2A5218E-F8F2-444E-9E86-CBFD4C39E5D2}
		{B51282D7-4B5A-45F9-8D1C-4107065486F0} = {C3302CE3-E6C5-4241-B230-ED7BDDAD34DD}
		{FC8524A5-2C79-4545-93B2-985E120FA69E} = {C3302CE3-E6C5-4241-B230-ED7BDDAD34DD}
		{4AB3E2A5-06D6-458A-AFC6-017D04869B3A} = {C3302CE3-E6C5-4241-B230-ED7BDDAD34DD}
		{1BA88C1E-40DB-4DEE-9878-128DB7B4F89C} = {C3302CE3-E6C5-4241-B230-ED7BDDAD34DD}
		{DFE62C57-3F8C-4AB9-B569-89D282C26EAE} = {8BCEE370-FF3C-4C6C-8CDD-F2653BEB24D2}
		{C519F871-C550-4343-8AEC-DA2A3DFED2DF} = {8C5CADC1-D683-44AD-84B9-0AF4688B9554}
	EndGlobalSection
	GlobalSection(ExtensibilityGlobals) = postSolution
		SolutionGuid = {33C9C221-E4F0-4768-A6BC-52BBC408BED9}
	EndGlobalSection
EndGlobal
